AUDITOR_REPOSITORY=https://github.com/GrapheneOS/Auditor.git
AUDITOR_COMMIT=252f6a11e0cc25c70264f223fab95044c001fef3
AUDITOR_TREE=ffd1d53243d5950fea75882920829691094bb3a4
AUDITOR_COMMIT_DATE=2026-08-10T13:47:00-04:00
AUDITOR_LICENSE=MIT
GRADLE_VERSION=9.6.1
GRADLE_DISTRIBUTION_SHA256=9c0f7faeeb306cb14e4279a3e084ca6b596894089a0638e68a07c945a32c9e14
GRADLE_WRAPPER_JAR_SHA256=497c8c2a7e5031f6aa847f88104aa80a93532ec32ee17bdb8d1d2f67a194a9c7
